
Microsoft Visual Studio Solution File, Format Version 12.00
# Visual Studio Version 17
VisualStudioVersion = 17.6.33815.320
MinimumVisualStudioVersion = 10.0.40219.1
Project("{2150E333-8FDC-42A3-9474-1A3956D46DE8}") = "src", "src", "{09D36EB9-EACF-41F3-9C1E-F28440810262}"
EndProject
Project("{2150E333-8FDC-42A3-9474-1A3956D46DE8}") = "demo", "demo", "{C85DFEA1-A9FE-457F-9331-DF2B1BF7FAFE}"
EndProject
Project("{9A19103F-16F7-4668-BE54-9A1E7A4F7556}") = "Api", "demo\Api\Api.csproj", "{FA27F805-9D5B-4E27-9FC5-6DC2578DB0C5}"
EndProject
Project("{9A19103F-16F7-4668-BE54-9A1E7A4F7556}") = "Consumer", "demo\Consumer\Consumer.csproj", "{31BCBCF0-202B-4DEB-8546-42DC342EEC04}"
EndProject
Project("{9A19103F-16F7-4668-BE54-9A1E7A4F7556}") = "Common", "demo\Common\Common.csproj", "{94ADDD65-5EF8-45AF-A0F2-39068B05F079}"
EndProject
Project("{9A19103F-16F7-4668-BE54-9A1E7A4F7556}") = "EasyMQ", "src\EasyMQ.csproj", "{263CDBE3-4BF2-491B-917F-0AA9DD80528B}"
EndProject
Global
	GlobalSection(SolutionConfigurationPlatforms) = preSolution
		Debug|Any CPU = Debug|Any CPU
		Release|Any CPU = Release|Any CPU
	EndGlobalSection
	GlobalSection(ProjectConfigurationPlatforms) = postSolution
		{FA27F805-9D5B-4E27-9FC5-6DC2578DB0C5}.Debug|Any CPU.ActiveCfg = Debug|Any CPU
		{FA27F805-9D5B-4E27-9FC5-6DC2578DB0C5}.Debug|Any CPU.Build.0 = Debug|Any CPU
		{FA27F805-9D5B-4E27-9FC5-6DC2578DB0C5}.Release|Any CPU.ActiveCfg = Release|Any CPU
		{FA27F805-9D5B-4E27-9FC5-6DC2578DB0C5}.Release|Any CPU.Build.0 = Release|Any CPU
		{31BCBCF0-202B-4DEB-8546-42DC342EEC04}.Debug|Any CPU.ActiveCfg = Debug|Any CPU
		{31BCBCF0-202B-4DEB-8546-42DC342EEC04}.Debug|Any CPU.Build.0 = Debug|Any CPU
		{31BCBCF0-202B-4DEB-8546-42DC342EEC04}.Release|Any CPU.ActiveCfg = Release|Any CPU
		{31BCBCF0-202B-4DEB-8546-42DC342EEC04}.Release|Any CPU.Build.0 = Release|Any CPU
		{94ADDD65-5EF8-45AF-A0F2-39068B05F079}.Debug|Any CPU.ActiveCfg = Debug|Any CPU
		{94ADDD65-5EF8-45AF-A0F2-39068B05F079}.Debug|Any CPU.Build.0 = Debug|Any CPU
		{94ADDD65-5EF8-45AF-A0F2-39068B05F079}.Release|Any CPU.ActiveCfg = Release|Any CPU
		{94ADDD65-5EF8-45AF-A0F2-39068B05F079}.Release|Any CPU.Build.0 = Release|Any CPU
		{263CDBE3-4BF2-491B-917F-0AA9DD80528B}.Debug|Any CPU.ActiveCfg = Debug|Any CPU
		{263CDBE3-4BF2-491B-917F-0AA9DD80528B}.Debug|Any CPU.Build.0 = Debug|Any CPU
		{263CDBE3-4BF2-491B-917F-0AA9DD80528B}.Release|Any CPU.ActiveCfg = Release|Any CPU
		{263CDBE3-4BF2-491B-917F-0AA9DD80528B}.Release|Any CPU.Build.0 = Release|Any CPU
	EndGlobalSection
	GlobalSection(SolutionProperties) = preSolution
		HideSolutionNode = FALSE
	EndGlobalSection
	GlobalSection(NestedProjects) = preSolution
		{FA27F805-9D5B-4E27-9FC5-6DC2578DB0C5} = {C85DFEA1-A9FE-457F-9331-DF2B1BF7FAFE}
		{31BCBCF0-202B-4DEB-8546-42DC342EEC04} = {C85DFEA1-A9FE-457F-9331-DF2B1BF7FAFE}
		{94ADDD65-5EF8-45AF-A0F2-39068B05F079} = {C85DFEA1-A9FE-457F-9331-DF2B1BF7FAFE}
		{263CDBE3-4BF2-491B-917F-0AA9DD80528B} = {09D36EB9-EACF-41F3-9C1E-F28440810262}
	EndGlobalSection
	GlobalSection(ExtensibilityGlobals) = postSolution
		SolutionGuid = {EAB677E3-62DF-4F5D-9B7A-2A644A2848BA}
	EndGlobalSection
EndGlobal
